{
  "nodes": {
    "flake-compat": {
      "flake": false,
      "locked": {
        "lastModified": 1696426674,
        "narHash": "sha256-kvjfFW7WAETZlt09AgDn1MrtKzP7t90Vf7vypd3OL1U=",
        "owner": "edolstra",
        "repo": "flake-compat",
        "rev": "0f9255e01c2351cc7d116c072cb317785dd33b33",
        "type": "github"
      },
      "original": {
        "owner": "edolstra",
        "repo": "flake-compat",
        "type": "github"
      }
    },
    "flake-utils": {
      "inputs": {
        "systems": "systems"
      },
      "locked": {
        "lastModified": 1701680307,
        "narHash": "sha256-kAuep2h5ajznlPMD9rnQyffWG8EM/C73lejGofXvdM8=",
        "owner": "numtide",
        "repo": "flake-utils",
        "rev": "4022d587cbbfd70fe950c1e2083a02621806a725",
        "type": "github"
      },
      "original": {
        "owner": "numtide",
        "repo": "flake-utils",
        "type": "github"
      }
    },
    "flake-utils_2": {
      "inputs": {
        "systems": "systems_2"
      },
      "locked": {
        "lastModified": 1701680307,
        "narHash": "sha256-kAuep2h5ajznlPMD9rnQyffWG8EM/C73lejGofXvdM8=",
        "owner": "numtide",
        "repo": "flake-utils",
        "rev": "4022d587cbbfd70fe950c1e2083a02621806a725",
        "type": "github"
      },
      "original": {
        "owner": "numtide",
        "repo": "flake-utils",
        "type": "github"
      }
    },
    "gitignore": {
      "inputs": {
        "nixpkgs": [
          "pre-commit-hooks",
          "nixpkgs"
        ]
      },
      "locked": {
        "lastModified": 1703887061,
        "narHash": "sha256-gGPa9qWNc6eCXT/+Z5/zMkyYOuRZqeFZBDbopNZQkuY=",
        "owner": "hercules-ci",
        "repo": "gitignore.nix",
        "rev": "43e1aa1308018f37118e34d3a9cb4f5e75dc11d5",
        "type": "github"
      },
      "original": {
        "owner": "hercules-ci",
        "repo": "gitignore.nix",
        "type": "github"
      }
    },
    "home-manager": {
      "inputs": {
        "nixpkgs": [
          "nixpkgs"
        ]
      },
      "locked": {
        "lastModified": 1706981411,
        "narHash": "sha256-cLbLPTL1CDmETVh4p0nQtvoF+FSEjsnJTFpTxhXywhQ=",
        "owner": "nix-community",
        "repo": "home-manager",
        "rev": "652fda4ca6dafeb090943422c34ae9145787af37",
        "type": "github"
      },
      "original": {
        "owner": "nix-community",
        "ref": "release-23.11",
        "repo": "home-manager",
        "type": "github"
      }
    },
    "neovim-nightly": {
      "inputs": {
        "flake-utils": "flake-utils",
        "nixpkgs": [
          "nixpkgs"
        ]
      },
      "locked": {
        "dir": "contrib",
        "lastModified": 1706140641,
        "narHash": "sha256-H1qHhkf7sF7yrG2rb9Ks1Y4EtLY3cXGp16KCGveJWY4=",
        "owner": "neovim",
        "repo": "neovim",
        "rev": "4e59422e1d4950a3042bad41a7b81c8db4f8b648",
        "type": "github"
      },
      "original": {
        "dir": "contrib",
        "owner": "neovim",
        "repo": "neovim",
        "type": "github"
      }
    },
    "nixos-hardware": {
      "locked": {
        "lastModified": 1707211557,
        "narHash": "sha256-LTKTzZ6fM5j8XWXf51IMBzDaOaJg9kYWLUZxoIhzRN8=",
        "owner": "NixOS",
        "repo": "nixos-hardware",
        "rev": "6e5cc385fc8cf5ca6495d70243074ccdea9f64c7",
        "type": "github"
      },
      "original": {
        "owner": "NixOS",
        "ref": "master",
        "repo": "nixos-hardware",
        "type": "github"
      }
    },
    "nixpkgs": {
      "locked": {
        "lastModified": 1707650010,
        "narHash": "sha256-dOhphIA4MGrH4ElNCy/OlwmN24MsnEqFjRR6+RY7jZw=",
        "owner": "NixOS",
        "repo": "nixpkgs",
        "rev": "809cca784b9f72a5ad4b991e0e7bcf8890f9c3a6",
        "type": "github"
      },
      "original": {
        "owner": "NixOS",
        "ref": "nixos-23.11",
        "repo": "nixpkgs",
        "type": "github"
      }
    },
    "nixpkgs-stable": {
      "locked": {
        "lastModified": 1704874635,
        "narHash": "sha256-YWuCrtsty5vVZvu+7BchAxmcYzTMfolSPP5io8+WYCg=",
        "owner": "NixOS",
        "repo": "nixpkgs",
        "rev": "3dc440faeee9e889fe2d1b4d25ad0f430d449356",
        "type": "github"
      },
      "original": {
        "owner": "NixOS",
        "ref": "nixos-23.11",
        "repo": "nixpkgs",
        "type": "github"
      }
    },
    "nixpkgs-unstable": {
      "locked": {
        "lastModified": 1707956935,
        "narHash": "sha256-ZL2TrjVsiFNKOYwYQozpbvQSwvtV/3Me7Zwhmdsfyu4=",
        "owner": "NixOS",
        "repo": "nixpkgs",
        "rev": "a4d4fe8c5002202493e87ec8dbc91335ff55552c",
        "type": "github"
      },
      "original": {
        "owner": "NixOS",
        "ref": "nixos-unstable",
        "repo": "nixpkgs",
        "type": "github"
      }
    },
    "nur": {
      "locked": {
        "lastModified": 1707806658,
        "narHash": "sha256-Lh4hqUt47vFipedNBdv+JGoIGhJT5Ls7l2Dqf1QnF3A=",
        "owner": "nix-community",
        "repo": "NUR",
        "rev": "4350cd5ea70e50e041ce61bd67cb04b43dc514a3",
        "type": "github"
      },
      "original": {
        "owner": "nix-community",
        "repo": "NUR",
        "type": "github"
      }
    },
    "pre-commit-hooks": {
      "inputs": {
        "flake-compat": "flake-compat",
        "flake-utils": "flake-utils_2",
        "gitignore": "gitignore",
        "nixpkgs": [
          "nixpkgs"
        ],
        "nixpkgs-stable": "nixpkgs-stable"
      },
      "locked": {
        "lastModified": 1707297608,
        "narHash": "sha256-ADjo/5VySGlvtCW3qR+vdFF4xM9kJFlRDqcC9ZGI8EA=",
        "owner": "cachix",
        "repo": "pre-commit-hooks.nix",
        "rev": "0db2e67ee49910adfa13010e7f012149660af7f0",
        "type": "github"
      },
      "original": {
        "owner": "cachix",
        "repo": "pre-commit-hooks.nix",
        "type": "github"
      }
    },
    "root": {
      "inputs": {
        "home-manager": "home-manager",
        "neovim-nightly": "neovim-nightly",
        "nixos-hardware": "nixos-hardware",
        "nixpkgs": "nixpkgs",
        "nixpkgs-unstable": "nixpkgs-unstable",
        "nur": "nur",
        "pre-commit-hooks": "pre-commit-hooks"
      }
    },
    "systems": {
      "locked": {
        "lastModified": 1681028828,
        "narHash": "sha256-Vy1rq5AaRuLzOxct8nz4T6wlgyUR7zLU309k9mBC768=",
        "owner": "nix-systems",
        "repo": "default",
        "rev": "da67096a3b9bf56a91d16901293e51ba5b49a27e",
        "type": "github"
      },
      "original": {
        "owner": "nix-systems",
        "repo": "default",
        "type": "github"
      }
    },
    "systems_2": {
      "locked": {
        "lastModified": 1681028828,
        "narHash": "sha256-Vy1rq5AaRuLzOxct8nz4T6wlgyUR7zLU309k9mBC768=",
        "owner": "nix-systems",
        "repo": "default",
        "rev": "da67096a3b9bf56a91d16901293e51ba5b49a27e",
        "type": "github"
      },
      "original": {
        "owner": "nix-systems",
        "repo": "default",
        "type": "github"
      }
    }
  },
  "root": "root",
  "version": 7
}
